
Microsoft Visual Studio Solution File, Format Version 12.00
# Visual Studio Version 16
VisualStudioVersion = 16.0.28803.202
MinimumVisualStudioVersion = 10.0.40219.1
Project("{FAE04EC0-301F-11D3-BF4B-00C04F79EFBC}") = "MasterDetailPageDemo.UWP", "MasterDetailPageDemo\MasterDetailPageDemo.UWP\MasterDetailPageDemo.UWP.csproj", "{736FE728-BA51-452E-AD27-DD5A02BDA3CC}"
EndProject
Project("{FAE04EC0-301F-11D3-BF4B-00C04F79EFBC}") = "MasterDetailPageDemo.Android", "MasterDetailPageDemo\MasterDetailPageDemo.Android\MasterDetailPageDemo.Android.csproj", "{AC72657F-A374-4823-970A-6DE655A13EF0}"
EndProject
Project("{FAE04EC0-301F-11D3-BF4B-00C04F79EFBC}") = "MasterDetailPageDemo.iOS", "MasterDetailPageDemo\MasterDetailPageDemo.iOS\MasterDetailPageDemo.iOS.csproj", "{AD5E1B2F-C5D8-4045-AB91-7E2ACF7EE1E9}"
EndProject
Project("{FAE04EC0-301F-11D3-BF4B-00C04F79EFBC}") = "MasterDetailPageDemo", "MasterDetailPageDemo\MasterDetailPageDemo\MasterDetailPageDemo.csproj", "{6E997035-C123-4FA4-9E58-9A86E1D0255D}"
EndProject
Global
	GlobalSection(SolutionConfigurationPlatforms) = preSolution
		Debug|Any CPU = Debug|Any CPU
		Debug|ARM = Debug|ARM
		Debug|iPhone = Debug|iPhone
		Debug|iPhoneSimulator = Debug|iPhoneSimulator
		Debug|x64 = Debug|x64
		Debug|x86 = Debug|x86
		Release|Any CPU = Release|Any CPU
		Release|ARM = Release|ARM
		Release|iPhone = Release|iPhone
		Release|iPhoneSimulator = Release|iPhoneSimulator
		Release|x64 = Release|x64
		Release|x86 = Release|x86
	EndGlobalSection
	GlobalSection(ProjectConfigurationPlatforms) = postSolution
		{736FE728-BA51-452E-AD27-DD5A02BDA3CC}.Debug|Any CPU.ActiveCfg = Debug|x86
		{736FE728-BA51-452E-AD27-DD5A02BDA3CC}.Debug|Any CPU.Build.0 = Debug|x86
		{736FE728-BA51-452E-AD27-DD5A02BDA3CC}.Debug|Any CPU.Deploy.0 = Debug|x86
		{736FE728-BA51-452E-AD27-DD5A02BDA3CC}.Debug|ARM.ActiveCfg = Debug|ARM
		{736FE728-BA51-452E-AD27-DD5A02BDA3CC}.Debug|ARM.Build.0 = Debug|ARM
		{736FE728-BA51-452E-AD27-DD5A02BDA3CC}.Debug|ARM.Deploy.0 = Debug|ARM
		{736FE728-BA51-452E-AD27-DD5A02BDA3CC}.Debug|iPhone.ActiveCfg = Debug|x86
		{736FE728-BA51-452E-AD27-DD5A02BDA3CC}.Debug|iPhone.Build.0 = Debug|x86
		{736FE728-BA51-452E-AD27-DD5A02BDA3CC}.Debug|iPhone.Deploy.0 = Debug|x86
		{736FE728-BA51-452E-AD27-DD5A02BDA3CC}.Debug|iPhoneSimulator.ActiveCfg = Debug|x86
		{736FE728-BA51-452E-AD27-DD5A02BDA3CC}.Debug|iPhoneSimulator.Build.0 = Debug|x86
		{736FE728-BA51-452E-AD27-DD5A02BDA3CC}.Debug|iPhoneSimulator.Deploy.0 = Debug|x86
		{736FE728-BA51-452E-AD27-DD5A02BDA3CC}.Debug|x64.ActiveCfg = Debug|x64
		{736FE728-BA51-452E-AD27-DD5A02BDA3CC}.Debug|x64.Build.0 = Debug|x64
		{736FE728-BA51-452E-AD27-DD5A02BDA3CC}.Debug|x64.Deploy.0 = Debug|x64
		{736FE728-BA51-452E-AD27-DD5A02BDA3CC}.Debug|x86.ActiveCfg = Debug|x86
		{736FE728-BA51-452E-AD27-DD5A02BDA3CC}.Debug|x86.Build.0 = Debug|x86
		{736FE728-BA51-452E-AD27-DD5A02BDA3CC}.Debug|x86.Deploy.0 = Debug|x86
		{736FE728-BA51-452E-AD27-DD5A02BDA3CC}.Release|Any CPU.ActiveCfg = Release|x86
		{736FE728-BA51-452E-AD27-DD5A02BDA3CC}.Release|Any CPU.Build.0 = Release|x86
		{736FE728-BA51-452E-AD27-DD5A02BDA3CC}.Release|Any CPU.Deploy.0 = Release|x86
		{736FE728-BA51-452E-AD27-DD5A02BDA3CC}.Release|ARM.ActiveCfg = Release|ARM
		{736FE728-BA51-452E-AD27-DD5A02BDA3CC}.Release|ARM.Build.0 = Release|ARM
		{736FE728-BA51-452E-AD27-DD5A02BDA3CC}.Release|ARM.Deploy.0 = Release|ARM
		{736FE728-BA51-452E-AD27-DD5A02BDA3CC}.Release|iPhone.ActiveCfg = Release|x86
		{736FE728-BA51-452E-AD27-DD5A02BDA3CC}.Release|iPhone.Build.0 = Release|x86
		{736FE728-BA51-452E-AD27-DD5A02BDA3CC}.Release|iPhone.Deploy.0 = Release|x86
		{736FE728-BA51-452E-AD27-DD5A02BDA3CC}.Release|iPhoneSimulator.ActiveCfg = Release|x86
		{736FE728-BA51-452E-AD27-DD5A02BDA3CC}.Release|iPhoneSimulator.Build.0 = Release|x86
		{736FE728-BA51-452E-AD27-DD5A02BDA3CC}.Release|iPhoneSimulator.Deploy.0 = Release|x86
		{736FE728-BA51-452E-AD27-DD5A02BDA3CC}.Release|x64.ActiveCfg = Release|x64
		{736FE728-BA51-452E-AD27-DD5A02BDA3CC}.Release|x64.Build.0 = Release|x64
		{736FE728-BA51-452E-AD27-DD5A02BDA3CC}.Release|x64.Deploy.0 = Release|x64
		{736FE728-BA51-452E-AD27-DD5A02BDA3CC}.Release|x86.ActiveCfg = Release|x86
		{736FE728-BA51-452E-AD27-DD5A02BDA3CC}.Release|x86.Build.0 = Release|x86
		{736FE728-BA51-452E-AD27-DD5A02BDA3CC}.Release|x86.Deploy.0 = Release|x86
		{AC72657F-A374-4823-970A-6DE655A13EF0}.Debug|Any CPU.ActiveCfg = Debug|Any CPU
		{AC72657F-A374-4823-970A-6DE655A13EF0}.Debug|Any CPU.Build.0 = Debug|Any CPU
		{AC72657F-A374-4823-970A-6DE655A13EF0}.Debug|Any CPU.Deploy.0 = Debug|Any CPU
		{AC72657F-A374-4823-970A-6DE655A13EF0}.Debug|ARM.ActiveCfg = Debug|Any CPU
		{AC72657F-A374-4823-970A-6DE655A13EF0}.Debug|ARM.Build.0 = Debug|Any CPU
		{AC72657F-A374-4823-970A-6DE655A13EF0}.Debug|ARM.Deploy.0 = Debug|Any CPU
		{AC72657F-A374-4823-970A-6DE655A13EF0}.Debug|iPhone.ActiveCfg = Debug|Any CPU
		{AC72657F-A374-4823-970A-6DE655A13EF0}.Debug|iPhone.Build.0 = Debug|Any CPU
		{AC72657F-A374-4823-970A-6DE655A13EF0}.Debug|iPhone.Deploy.0 = Debug|Any CPU
		{AC72657F-A374-4823-970A-6DE655A13EF0}.Debug|iPhoneSimulator.ActiveCfg = Debug|Any CPU
		{AC72657F-A374-4823-970A-6DE655A13EF0}.Debug|iPhoneSimulator.Build.0 = Debug|Any CPU
		{AC72657F-A374-4823-970A-6DE655A13EF0}.Debug|iPhoneSimulator.Deploy.0 = Debug|Any CPU
		{AC72657F-A374-4823-970A-6DE655A13EF0}.Debug|x64.ActiveCfg = Debug|Any CPU
		{AC72657F-A374-4823-970A-6DE655A13EF0}.Debug|x64.Build.0 = Debug|Any CPU
		{AC72657F-A374-4823-970A-6DE655A13EF0}.Debug|x64.Deploy.0 = Debug|Any CPU
		{AC72657F-A374-4823-970A-6DE655A13EF0}.Debug|x86.ActiveCfg = Debug|Any CPU
		{AC72657F-A374-4823-970A-6DE655A13EF0}.Debug|x86.Build.0 = Debug|Any CPU
		{AC72657F-A374-4823-970A-6DE655A13EF0}.Debug|x86.Deploy.0 = Debug|Any CPU
		{AC72657F-A374-4823-970A-6DE655A13EF0}.Release|Any CPU.ActiveCfg = Release|Any CPU
		{AC72657F-A374-4823-970A-6DE655A13EF0}.Release|Any CPU.Build.0 = Release|Any CPU
		{AC72657F-A374-4823-970A-6DE655A13EF0}.Release|Any CPU.Deploy.0 = Release|Any CPU
		{AC72657F-A374-4823-970A-6DE655A13EF0}.Release|ARM.ActiveCfg = Release|Any CPU
		{AC72657F-A374-4823-970A-6DE655A13EF0}.Release|ARM.Build.0 = Release|Any CPU
		{AC72657F-A374-4823-970A-6DE655A13EF0}.Release|ARM.Deploy.0 = Release|Any CPU
		{AC72657F-A374-4823-970A-6DE655A13EF0}.Release|iPhone.ActiveCfg = Release|Any CPU
		{AC72657F-A374-4823-970A-6DE655A13EF0}.Release|iPhone.Build.0 = Release|Any CPU
		{AC72657F-A374-4823-970A-6DE655A13EF0}.Release|iPhone.Deploy.0 = Release|Any CPU
		{AC72657F-A374-4823-970A-6DE655A13EF0}.Release|iPhoneSimulator.ActiveCfg = Release|Any CPU
		{AC72657F-A374-4823-970A-6DE655A13EF0}.Release|iPhoneSimulator.Build.0 = Release|Any CPU
		{AC72657F-A374-4823-970A-6DE655A13EF0}.Release|iPhoneSimulator.Deploy.0 = Release|Any CPU
		{AC72657F-A374-4823-970A-6DE655A13EF0}.Release|x64.ActiveCfg = Release|Any CPU
		{AC72657F-A374-4823-970A-6DE655A13EF0}.Release|x64.Build.0 = Release|Any CPU
		{AC72657F-A374-4823-970A-6DE655A13EF0}.Release|x64.Deploy.0 = Release|Any CPU
		{AC72657F-A374-4823-970A-6DE655A13EF0}.Release|x86.ActiveCfg = Release|Any CPU
		{AC72657F-A374-4823-970A-6DE655A13EF0}.Release|x86.Build.0 = Release|Any CPU
		{AC72657F-A374-4823-970A-6DE655A13EF0}.Release|x86.Deploy.0 = Release|Any CPU
		{AD5E1B2F-C5D8-4045-AB91-7E2ACF7EE1E9}.Debug|Any CPU.ActiveCfg = Debug|iPhone
		{AD5E1B2F-C5D8-4045-AB91-7E2ACF7EE1E9}.Debug|Any CPU.Build.0 = Debug|iPhone
		{AD5E1B2F-C5D8-4045-AB91-7E2ACF7EE1E9}.Debug|Any CPU.Deploy.0 = Debug|iPhone
		{AD5E1B2F-C5D8-4045-AB91-7E2ACF7EE1E9}.Debug|ARM.ActiveCfg = Debug|iPhoneSimulator
		{AD5E1B2F-C5D8-4045-AB91-7E2ACF7EE1E9}.Debug|ARM.Build.0 = Debug|iPhoneSimulator
		{AD5E1B2F-C5D8-4045-AB91-7E2ACF7EE1E9}.Debug|ARM.Deploy.0 = Debug|iPhoneSimulator
		{AD5E1B2F-C5D8-4045-AB91-7E2ACF7EE1E9}.Debug|iPhone.ActiveCfg = Debug|iPhone
		{AD5E1B2F-C5D8-4045-AB91-7E2ACF7EE1E9}.Debug|iPhone.Build.0 = Debug|iPhone
		{AD5E1B2F-C5D8-4045-AB91-7E2ACF7EE1E9}.Debug|iPhone.Deploy.0 = Debug|iPhone
		{AD5E1B2F-C5D8-4045-AB91-7E2ACF7EE1E9}.Debug|iPhoneSimulator.ActiveCfg = Debug|iPhoneSimulator
		{AD5E1B2F-C5D8-4045-AB91-7E2ACF7EE1E9}.Debug|iPhoneSimulator.Build.0 = Debug|iPhoneSimulator
		{AD5E1B2F-C5D8-4045-AB91-7E2ACF7EE1E9}.Debug|iPhoneSimulator.Deploy.0 = Debug|iPhoneSimulator
		{AD5E1B2F-C5D8-4045-AB91-7E2ACF7EE1E9}.Debug|x64.ActiveCfg = Debug|iPhone
		{AD5E1B2F-C5D8-4045-AB91-7E2ACF7EE1E9}.Debug|x64.Build.0 = Debug|iPhone
		{AD5E1B2F-C5D8-4045-AB91-7E2ACF7EE1E9}.Debug|x64.Deploy.0 = Debug|iPhone
		{AD5E1B2F-C5D8-4045-AB91-7E2ACF7EE1E9}.Debug|x86.ActiveCfg = Debug|iPhone
		{AD5E1B2F-C5D8-4045-AB91-7E2ACF7EE1E9}.Debug|x86.Build.0 = Debug|iPhone
		{AD5E1B2F-C5D8-4045-AB91-7E2ACF7EE1E9}.Debug|x86.Deploy.0 = Debug|iPhone
		{AD5E1B2F-C5D8-4045-AB91-7E2ACF7EE1E9}.Release|Any CPU.ActiveCfg = Release|iPhone
		{AD5E1B2F-C5D8-4045-AB91-7E2ACF7EE1E9}.Release|Any CPU.Build.0 = Release|iPhone
		{AD5E1B2F-C5D8-4045-AB91-7E2ACF7EE1E9}.Release|Any CPU.Deploy.0 = Release|iPhone
		{AD5E1B2F-C5D8-4045-AB91-7E2ACF7EE1E9}.Release|ARM.ActiveCfg = Release|iPhone
		{AD5E1B2F-C5D8-4045-AB91-7E2ACF7EE1E9}.Release|ARM.Build.0 = Release|iPhone
		{AD5E1B2F-C5D8-4045-AB91-7E2ACF7EE1E9}.Release|ARM.Deploy.0 = Release|iPhone
		{AD5E1B2F-C5D8-4045-AB91-7E2ACF7EE1E9}.Release|iPhone.ActiveCfg = Release|iPhone
		{AD5E1B2F-C5D8-4045-AB91-7E2ACF7EE1E9}.Release|iPhone.Build.0 = Release|iPhone
		{AD5E1B2F-C5D8-4045-AB91-7E2ACF7EE1E9}.Release|iPhone.Deploy.0 = Release|iPhone
		{AD5E1B2F-C5D8-4045-AB91-7E2ACF7EE1E9}.Release|iPhoneSimulator.ActiveCfg = Release|iPhoneSimulator
		{AD5E1B2F-C5D8-4045-AB91-7E2ACF7EE1E9}.Release|iPhoneSimulator.Build.0 = Release|iPhoneSimulator
		{AD5E1B2F-C5D8-4045-AB91-7E2ACF7EE1E9}.Release|iPhoneSimulator.Deploy.0 = Release|iPhoneSimulator
		{AD5E1B2F-C5D8-4045-AB91-7E2ACF7EE1E9}.Release|x64.ActiveCfg = Release|iPhone
		{AD5E1B2F-C5D8-4045-AB91-7E2ACF7EE1E9}.Release|x64.Build.0 = Release|iPhone
		{AD5E1B2F-C5D8-4045-AB91-7E2ACF7EE1E9}.Release|x64.Deploy.0 = Release|iPhone
		{AD5E1B2F-C5D8-4045-AB91-7E2ACF7EE1E9}.Release|x86.ActiveCfg = Release|iPhone
		{AD5E1B2F-C5D8-4045-AB91-7E2ACF7EE1E9}.Release|x86.Build.0 = Release|iPhone
		{AD5E1B2F-C5D8-4045-AB91-7E2ACF7EE1E9}.Release|x86.Deploy.0 = Release|iPhone
		{6E997035-C123-4FA4-9E58-9A86E1D0255D}.Debug|Any CPU.ActiveCfg = Debug|Any CPU
		{6E997035-C123-4FA4-9E58-9A86E1D0255D}.Debug|Any CPU.Build.0 = Debug|Any CPU
		{6E997035-C123-4FA4-9E58-9A86E1D0255D}.Debug|Any CPU.Deploy.0 = Debug|Any CPU
		{6E997035-C123-4FA4-9E58-9A86E1D0255D}.Debug|ARM.ActiveCfg = Debug|Any CPU
		{6E997035-C123-4FA4-9E58-9A86E1D0255D}.Debug|ARM.Build.0 = Debug|Any CPU
		{6E997035-C123-4FA4-9E58-9A86E1D0255D}.Debug|ARM.Deploy.0 = Debug|Any CPU
		{6E997035-C123-4FA4-9E58-9A86E1D0255D}.Debug|iPhone.ActiveCfg = Debug|Any CPU
		{6E997035-C123-4FA4-9E58-9A86E1D0255D}.Debug|iPhone.Build.0 = Debug|Any CPU
		{6E997035-C123-4FA4-9E58-9A86E1D0255D}.Debug|iPhone.Deploy.0 = Debug|Any CPU
		{6E997035-C123-4FA4-9E58-9A86E1D0255D}.Debug|iPhoneSimulator.ActiveCfg = Debug|Any CPU
		{6E997035-C123-4FA4-9E58-9A86E1D0255D}.Debug|iPhoneSimulator.Build.0 = Debug|Any CPU
		{6E997035-C123-4FA4-9E58-9A86E1D0255D}.Debug|iPhoneSimulator.Deploy.0 = Debug|Any CPU
		{6E997035-C123-4FA4-9E58-9A86E1D0255D}.Debug|x64.ActiveCfg = Debug|Any CPU
		{6E997035-C123-4FA4-9E58-9A86E1D0255D}.Debug|x64.Build.0 = Debug|Any CPU
		{6E997035-C123-4FA4-9E58-9A86E1D0255D}.Debug|x64.Deploy.0 = Debug|Any CPU
		{6E997035-C123-4FA4-9E58-9A86E1D0255D}.Debug|x86.ActiveCfg = Debug|Any CPU
		{6E997035-C123-4FA4-9E58-9A86E1D0255D}.Debug|x86.Build.0 = Debug|Any CPU
		{6E997035-C123-4FA4-9E58-9A86E1D0255D}.Debug|x86.Deploy.0 = Debug|Any CPU
		{6E997035-C123-4FA4-9E58-9A86E1D0255D}.Release|Any CPU.ActiveCfg = Release|Any CPU
		{6E997035-C123-4FA4-9E58-9A86E1D0255D}.Release|Any CPU.Build.0 = Release|Any CPU
		{6E997035-C123-4FA4-9E58-9A86E1D0255D}.Release|Any CPU.Deploy.0 = Release|Any CPU
		{6E997035-C123-4FA4-9E58-9A86E1D0255D}.Release|ARM.ActiveCfg = Release|Any CPU
		{6E997035-C123-4FA4-9E58-9A86E1D0255D}.Release|ARM.Build.0 = Release|Any CPU
		{6E997035-C123-4FA4-9E58-9A86E1D0255D}.Release|ARM.Deploy.0 = Release|Any CPU
		{6E997035-C123-4FA4-9E58-9A86E1D0255D}.Release|iPhone.ActiveCfg = Release|Any CPU
		{6E997035-C123-4FA4-9E58-9A86E1D0255D}.Release|iPhone.Build.0 = Release|Any CPU
		{6E997035-C123-4FA4-9E58-9A86E1D0255D}.Release|iPhone.Deploy.0 = Release|Any CPU
		{6E997035-C123-4FA4-9E58-9A86E1D0255D}.Release|iPhoneSimulator.ActiveCfg = Release|Any CPU
		{6E997035-C123-4FA4-9E58-9A86E1D0255D}.Release|iPhoneSimulator.Build.0 = Release|Any CPU
		{6E997035-C123-4FA4-9E58-9A86E1D0255D}.Release|iPhoneSimulator.Deploy.0 = Release|Any CPU
		{6E997035-C123-4FA4-9E58-9A86E1D0255D}.Release|x64.ActiveCfg = Release|Any CPU
		{6E997035-C123-4FA4-9E58-9A86E1D0255D}.Release|x64.Build.0 = Release|Any CPU
		{6E997035-C123-4FA4-9E58-9A86E1D0255D}.Release|x64.Deploy.0 = Release|Any CPU
		{6E997035-C123-4FA4-9E58-9A86E1D0255D}.Release|x86.ActiveCfg = Release|Any CPU
		{6E997035-C123-4FA4-9E58-9A86E1D0255D}.Release|x86.Build.0 = Release|Any CPU
		{6E997035-C123-4FA4-9E58-9A86E1D0255D}.Release|x86.Deploy.0 = Release|Any CPU
	EndGlobalSection
	GlobalSection(SolutionProperties) = preSolution
		HideSolutionNode = FALSE
	EndGlobalSection
	GlobalSection(ExtensibilityGlobals) = postSolution
		SolutionGuid = {6B7FA682-75EE-481F-AF70-C1F936BC84B2}
	EndGlobalSection
EndGlobal
